// !$*UTF8*$!
{
	archiveVersion = 1;
	classes = {
	};
	objectVersion = 48;
	objects = {

/* Begin PBXBuildFile section */
		FA38F5D9211A5AF900C00AFF /* AppDelegate.swift in Sources */ = {isa = PBXBuildFile; fileRef = FA38F5D8211A5AF900C00AFF /* AppDelegate.swift */; };
		FA38F5DB211A5AF900C00AFF /* ViewController.swift in Sources */ = {isa = PBXBuildFile; fileRef = FA38F5DA211A5AF900C00AFF /* ViewController.swift */; };
		FA38F5DE211A5AF900C00AFF /* Main.storyboard in Resources */ = {isa = PBXBuildFile; fileRef = FA38F5DC211A5AF900C00AFF /* Main.storyboard */; };
		FA38F5E0211A5AF900C00AFF /* Assets.xcassets in Resources */ = {isa = PBXBuildFile; fileRef = FA38F5DF211A5AF900C00AFF /* Assets.xcassets */; };
		FA38F5E3211A5AF900C00AFF /* LaunchScreen.storyboard in Resources */ = {isa = PBXBuildFile; fileRef = FA38F5E1211A5AF900C00AFF /* LaunchScreen.storyboard */; };
		FA38F5EE211A5AF900C00AFF /* SimonSaysDevMountainTests.swift in Sources */ = {isa = PBXBuildFile; fileRef = FA38F5ED211A5AF900C00AFF /* SimonSaysDevMountainTests.swift */; };
		FA38F5FA211B794F00C00AFF /* Constants.swift in Sources */ = {isa = PBXBuildFile; fileRef = FA38F5F9211B794F00C00AFF /* Constants.swift */; };
		FA38F5FC211B7D0600C00AFF /* GamePlay.swift in Sources */ = {isa = PBXBuildFile; fileRef = FA38F5FB211B7D0600C00AFF /* GamePlay.swift */; };
/* End PBXBuildFile section */

/* Begin PBXContainerItemProxy section */
		FA38F5EA211A5AF900C00AFF /* PBXContainerItemProxy */ = {
			isa = PBXContainerItemProxy;
			containerPortal = FA38F5CD211A5AF900C00AFF /* Project object */;
			proxyType = 1;
			remoteGlobalIDString = FA38F5D4211A5AF900C00AFF;
			remoteInfo = SimonSaysDevMountain;
		};
/* End PBXContainerItemProxy section */

/* Begin PBXFileReference section */
		FA38F5D5211A5AF900C00AFF /* SimonSaysDevMountain.app */ = {isa = PBXFileReference; explicitFileType = wrapper.application; includeInIndex = 0; path = SimonSaysDevMountain.app; sourceTree = BUILT_PRODUCTS_DIR; };
		FA38F5D8211A5AF900C00AFF /* AppDelegate.swift */ = {isa = PBXFileReference; lastKnownFileType = sourcecode.swift; path = AppDelegate.swift; sourceTree = "<group>"; };
		FA38F5DA211A5AF900C00AFF /* ViewController.swift */ = {isa = PBXFileReference; lastKnownFileType = sourcecode.swift; path = ViewController.swift; sourceTree = "<group>"; };
		FA38F5DD211A5AF900C00AFF /* Base */ = {isa = PBXFileReference; lastKnownFileType = file.storyboard; name = Base; path = Base.lproj/Main.storyboard; sourceTree = "<group>"; };
		FA38F5DF211A5AF900C00AFF /* Assets.xcassets */ = {isa = PBXFileReference; lastKnownFileType = folder.assetcatalog; path = Assets.xcassets; sourceTree = "<group>"; };
		FA38F5E2211A5AF900C00AFF /* Base */ = {isa = PBXFileReference; lastKnownFileType = file.storyboard; name = Base; path = Base.lproj/LaunchScreen.storyboard; sourceTree = "<group>"; };
		FA38F5E4211A5AF900C00AFF /* Info.plist */ = {isa = PBXFileReference; lastKnownFileType = text.plist.xml; path = Info.plist; sourceTree = "<group>"; };
		FA38F5E9211A5AF900C00AFF /* SimonSaysDevMountainTests.xctest */ = {isa = PBXFileReference; explicitFileType = wrapper.cfbundle; includeInIndex = 0; path = SimonSaysDevMountainTests.xctest; sourceTree = BUILT_PRODUCTS_DIR; };
		FA38F5ED211A5AF900C00AFF /* SimonSaysDevMountainTests.swift */ = {isa = PBXFileReference; lastKnownFileType = sourcecode.swift; path = SimonSaysDevMountainTests.swift; sourceTree = "<group>"; };
		FA38F5EF211A5AF900C00AFF /* Info.plist */ = {isa = PBXFileReference; lastKnownFileType = text.plist.xml; path = Info.plist; sourceTree = "<group>"; };
		FA38F5F9211B794F00C00AFF /* Constants.swift */ = {isa = PBXFileReference; lastKnownFileType = sourcecode.swift; path = Constants.swift; sourceTree = "<group>"; };
		FA38F5FB211B7D0600C00AFF /* GamePlay.swift */ = {isa = PBXFileReference; lastKnownFileType = sourcecode.swift; path = GamePlay.swift; sourceTree = "<group>"; };
/* End PBXFileReference section */

/* Begin PBXFrameworksBuildPhase section */
		FA38F5D2211A5AF900C00AFF /* Frameworks */ = {
			isa = PBXFrameworksBuildPhase;
			buildActionMask = 2147483647;
			files = (
			);
			runOnlyForDeploymentPostprocessing = 0;
		};
		FA38F5E6211A5AF900C00AFF /* Frameworks */ = {
			isa = PBXFrameworksBuildPhase;
			buildActionMask = 2147483647;
			files = (
			);
			runOnlyForDeploymentPostprocessing = 0;
		};
/* End PBXFrameworksBuildPhase section */

/* Begin PBXGroup section */
		FA38F5CC211A5AF900C00AFF = {
			isa = PBXGroup;
			children = (
				FA38F5D7211A5AF900C00AFF /* SimonSaysDevMountain */,
				FA38F5EC211A5AF900C00AFF /* SimonSaysDevMountainTests */,
				FA38F5D6211A5AF900C00AFF /* Products */,
			);
			sourceTree = "<group>";
		};
		FA38F5D6211A5AF900C00AFF /* Products */ = {
			isa = PBXGroup;
			children = (
				FA38F5D5211A5AF900C00AFF /* SimonSaysDevMountain.app */,
				FA38F5E9211A5AF900C00AFF /* SimonSaysDevMountainTests.xctest */,
			);
			name = Products;
			sourceTree = "<group>";
		};
		FA38F5D7211A5AF900C00AFF /* SimonSaysDevMountain */ = {
			isa = PBXGroup;
			children = (
				FA38F5D8211A5AF900C00AFF /* AppDelegate.swift */,
				FA38F5DA211A5AF900C00AFF /* ViewController.swift */,
				FA38F5DC211A5AF900C00AFF /* Main.storyboard */,
				FA38F5F9211B794F00C00AFF /* Constants.swift */,
				FA38F5FB211B7D0600C00AFF /* GamePlay.swift */,
				FA38F5F8211A7CCA00C00AFF /* Resources */,
			);
			path = SimonSaysDevMountain;
			sourceTree = "<group>";
		};
		FA38F5EC211A5AF900C00AFF /* SimonSaysDevMountainTests */ = {
			isa = PBXGroup;
			children = (
				FA38F5ED211A5AF900C00AFF /* SimonSaysDevMountainTests.swift */,
				FA38F5EF211A5AF900C00AFF /* Info.plist */,
			);
			path = SimonSaysDevMountainTests;
			sourceTree = "<group>";
		};
		FA38F5F8211A7CCA00C00AFF /* Resources */ = {
			isa = PBXGroup;
			children = (
				FA38F5DF211A5AF900C00AFF /* Assets.xcassets */,
				FA38F5E1211A5AF900C00AFF /* LaunchScreen.storyboard */,
				FA38F5E4211A5AF900C00AFF /* Info.plist */,
			);
			path = Resources;
			sourceTree = "<group>";
		};
/* End PBXGroup section */

/* Begin PBXNativeTarget section */
		FA38F5D4211A5AF900C00AFF /* SimonSaysDevMountain */ = {
			isa = PBXNativeTarget;
			buildConfigurationList = FA38F5F2211A5AF900C00AFF /* Build configuration list for PBXNativeTarget "SimonSaysDevMountain" */;
			buildPhases = (
				FA38F5D1211A5AF900C00AFF /* Sources */,
				FA38F5D2211A5AF900C00AFF /* Frameworks */,
				FA38F5D3211A5AF900C00AFF /* Resources */,
			);
			buildRules = (
			);
			dependencies = (
			);
			name = SimonSaysDevMountain;
			productName = SimonSaysDevMountain;
			productReference = FA38F5D5211A5AF900C00AFF /* SimonSaysDevMountain.app */;
			productType = "com.apple.product-type.application";
		};
		FA38F5E8211A5AF900C00AFF /* SimonSaysDevMountainTests */ = {
			isa = PBXNativeTarget;
			buildConfigurationList = FA38F5F5211A5AF900C00AFF /* Build configuration list for PBXNativeTarget "SimonSaysDevMountainTests" */;
			buildPhases = (
				FA38F5E5211A5AF900C00AFF /* Sources */,
				FA38F5E6211A5AF900C00AFF /* Frameworks */,
				FA38F5E7211A5AF900C00AFF /* Resources */,
			);
			buildRules = (
			);
			dependencies = (
				FA38F5EB211A5AF900C00AFF /* PBXTargetDependency */,
			);
			name = SimonSaysDevMountainTests;
			productName = SimonSaysDevMountainTests;
			productReference = FA38F5E9211A5AF900C00AFF /* SimonSaysDevMountainTests.xctest */;
			productType = "com.apple.product-type.bundle.unit-test";
		};
/* End PBXNativeTarget section */

/* Begin PBXProject section */
		FA38F5CD211A5AF900C00AFF /* Project object */ = {
			isa = PBXProject;
			attributes = {
				LastSwiftUpdateCheck = 0920;
				LastUpgradeCheck = 0920;
				ORGANIZATIONNAME = "DunDak, LLC";
				TargetAttributes = {
					FA38F5D4211A5AF900C00AFF = {
						CreatedOnToolsVersion = 9.2;
						ProvisioningStyle = Automatic;
					};
					FA38F5E8211A5AF900C00AFF = {
						CreatedOnToolsVersion = 9.2;
						ProvisioningStyle = Automatic;
						TestTargetID = FA38F5D4211A5AF900C00AFF;
					};
				};
			};
			buildConfigurationList = FA38F5D0211A5AF900C00AFF /* Build configuration list for PBXProject "SimonSaysDevMountain" */;
			compatibilityVersion = "Xcode 8.0";
			developmentRegion = en;
			hasScannedForEncodings = 0;
			knownRegions = (
				en,
				Base,
			);
			mainGroup = FA38F5CC211A5AF900C00AFF;
			productRefGroup = FA38F5D6211A5AF900C00AFF /* Products */;
			projectDirPath = "";
			projectRoot = "";
			targets = (
				FA38F5D4211A5AF900C00AFF /* SimonSaysDevMountain */,
				FA38F5E8211A5AF900C00AFF /* SimonSaysDevMountainTests */,
			);
		};
/* End PBXProject section */

/* Begin PBXResourcesBuildPhase section */
		FA38F5D3211A5AF900C00AFF /* Resources */ = {
			isa = PBXResourcesBuildPhase;
			buildActionMask = 2147483647;
			files = (
				FA38F5E3211A5AF900C00AFF /* LaunchScreen.storyboard in Resources */,
				FA38F5E0211A5AF900C00AFF /* Assets.xcassets in Resources */,
				FA38F5DE211A5AF900C00AFF /* Main.storyboard in Resources */,
			);
			runOnlyForDeploymentPostprocessing = 0;
		};
		FA38F5E7211A5AF900C00AFF /* Resources */ = {
			isa = PBXResourcesBuildPhase;
			buildActionMask = 2147483647;
			files = (
			);
			runOnlyForDeploymentPostprocessing = 0;
		};
/* End PBXResourcesBuildPhase section */

/* Begin PBXSourcesBuildPhase section */
		FA38F5D1211A5AF900C00AFF /* Sources */ = {
			isa = PBXSourcesBuildPhase;
			buildActionMask = 2147483647;
			files = (
				FA38F5DB211A5AF900C00AFF /* ViewController.swift in Sources */,
				FA38F5FC211B7D0600C00AFF /* GamePlay.swift in Sources */,
				FA38F5D9211A5AF900C00AFF /* AppDelegate.swift in Sources */,
				FA38F5FA211B794F00C00AFF /* Constants.swift in Sources */,
			);
			runOnlyForDeploymentPostprocessing = 0;
		};
		FA38F5E5211A5AF900C00AFF /* Sources */ = {
			isa = PBXSourcesBuildPhase;
			buildActionMask = 2147483647;
			files = (
				FA38F5EE211A5AF900C00AFF /* SimonSaysDevMountainTests.swift in Sources */,
			);
			runOnlyForDeploymentPostprocessing = 0;
		};
/* End PBXSourcesBuildPhase section */

/* Begin PBXTargetDependency section */
		FA38F5EB211A5AF900C00AFF /* PBXTargetDependency */ = {
			isa = PBXTargetDependency;
			target = FA38F5D4211A5AF900C00AFF /* SimonSaysDevMountain */;
			targetProxy = FA38F5EA211A5AF900C00AFF /* PBXContainerItemProxy */;
		};
/* End PBXTargetDependency section */

/* Begin PBXVariantGroup section */
		FA38F5DC211A5AF900C00AFF /* Main.storyboard */ = {
			isa = PBXVariantGroup;
			children = (
				FA38F5DD211A5AF900C00AFF /* Base */,
			);
			name = Main.storyboard;
			sourceTree = "<group>";
		};
		FA38F5E1211A5AF900C00AFF /* LaunchScreen.storyboard */ = {
			isa = PBXVariantGroup;
			children = (
				FA38F5E2211A5AF900C00AFF /* Base */,
			);
			name = LaunchScreen.storyboard;
			sourceTree = "<group>";
		};
/* End PBXVariantGroup section */

/* Begin XCBuildConfiguration section */
		FA38F5F0211A5AF900C00AFF /* Debug */ = {
			isa = XCBuildConfiguration;
			buildSettings = {
				ALWAYS_SEARCH_USER_PATHS = NO;
				CLANG_ANALYZER_NONNULL = YES;
				CLANG_ANALYZER_NUMBER_OBJECT_CONVERSION = YES_AGGRESSIVE;
				CLANG_CXX_LANGUAGE_STANDARD = "gnu++14";
				CLANG_CXX_LIBRARY = "libc++";
				CLANG_ENABLE_MODULES = YES;
				CLANG_ENABLE_OBJC_ARC = YES;
				CLANG_WARN_BLOCK_CAPTURE_AUTORELEASING = YES;
				CLANG_WARN_BOOL_CONVERSION = YES;
				CLANG_WARN_COMMA = YES;
				CLANG_WARN_CONSTANT_CONVERSION = YES;
				CLANG_WARN_DIRECT_OBJC_ISA_USAGE = YES_ERROR;
				CLANG_WARN_DOCUMENTATION_COMMENTS = YES;
				CLANG_WARN_EMPTY_BODY = YES;
				CLANG_WARN_ENUM_CONVERSION = YES;
				CLANG_WARN_INFINITE_RECURSION = YES;
				CLANG_WARN_INT_CONVERSION = YES;
				CLANG_WARN_NON_LITERAL_NULL_CONVERSION = YES;
				CLANG_WARN_OBJC_LITERAL_CONVERSION = YES;
				CLANG_WARN_OBJC_ROOT_CLASS = YES_ERROR;
				CLANG_WARN_RANGE_LOOP_ANALYSIS = YES;
				CLANG_WARN_STRICT_PROTOTYPES = YES;
				CLANG_WARN_SUSPICIOUS_MOVE = YES;
				CLANG_WARN_UNGUARDED_AVAILABILITY = YES_AGGRESSIVE;
				CLANG_WARN_UNREACHABLE_CODE = YES;
				CLANG_WARN__DUPLICATE_METHOD_MATCH = YES;
				CODE_SIGN_IDENTITY = "iPhone Developer";
				COPY_PHASE_STRIP = NO;
				DEBUG_INFORMATION_FORMAT = dwarf;
				ENABLE_STRICT_OBJC_MSGSEND = YES;
				ENABLE_TESTABILITY = YES;
				GCC_C_LANGUAGE_STANDARD = gnu11;
				GCC_DYNAMIC_NO_PIC = NO;
				GCC_NO_COMMON_BLOCKS = YES;
				GCC_OPTIMIZATION_LEVEL = 0;
				GCC_PREPROCESSOR_DEFINITIONS = (
					"DEBUG=1",
					"$(inherited)",
				);
				GCC_WARN_64_TO_32_BIT_CONVERSION = YES;
				GCC_WARN_ABOUT_RETURN_TYPE = YES_ERROR;
				GCC_WARN_UNDECLARED_SELECTOR = YES;
				GCC_WARN_UNINITIALIZED_AUTOS = YES_AGGRESSIVE;
				GCC_WARN_UNUSED_FUNCTION = YES;
				GCC_WARN_UNUSED_VARIABLE = YES;
				IPHONEOS_DEPLOYMENT_TARGET = 11.2;
				MTL_ENABLE_DEBUG_INFO = YES;
				ONLY_ACTIVE_ARCH = YES;
				SDKROOT = iphoneos;
				SWIFT_ACTIVE_COMPILATION_CONDITIONS = DEBUG;
				SWIFT_OPTIMIZATION_LEVEL = "-Onone";
			};
			name = Debug;
		};
		FA38F5F1211A5AF900C00AFF /* Release */ = {
			isa = XCBuildConfiguration;
			buildSettings = {
				ALWAYS_SEARCH_USER_PATHS = NO;
				CLANG_ANALYZER_NONNULL = YES;
				CLANG_ANALYZER_NUMBER_OBJECT_CONVERSION = YES_AGGRESSIVE;
				CLANG_CXX_LANGUAGE_STANDARD = "gnu++14";
				CLANG_CXX_LIBRARY = "libc++";
				CLANG_ENABLE_MODULES = YES;
				CLANG_ENABLE_OBJC_ARC = YES;
				CLANG_WARN_BLOCK_CAPTURE_AUTORELEASING = YES;
				CLANG_WARN_BOOL_CONVERSION = YES;
				CLANG_WARN_COMMA = YES;
				CLANG_WARN_CONSTANT_CONVERSION = YES;
				CLANG_WARN_DIRECT_OBJC_ISA_USAGE = YES_ERROR;
				CLANG_WARN_DOCUMENTATION_COMMENTS = YES;
				CLANG_WARN_EMPTY_BODY = YES;
				CLANG_WARN_ENUM_CONVERSION = YES;
				CLANG_WARN_INFINITE_RECURSION = YES;
				CLANG_WARN_INT_CONVERSION = YES;
				CLANG_WARN_NON_LITERAL_NULL_CONVERSION = YES;
				CLANG_WARN_OBJC_LITERAL_CONVERSION = YES;
				CLANG_WARN_OBJC_ROOT_CLASS = YES_ERROR;
				CLANG_WARN_RANGE_LOOP_ANALYSIS = YES;
				CLANG_WARN_STRICT_PROTOTYPES = YES;
				CLANG_WARN_SUSPICIOUS_MOVE = YES;
				CLANG_WARN_UNGUARDED_AVAILABILITY = YES_AGGRESSIVE;
				CLANG_WARN_UNREACHABLE_CODE = YES;
				CLANG_WARN__DUPLICATE_METHOD_MATCH = YES;
				CODE_SIGN_IDENTITY = "iPhone Developer";
				COPY_PHASE_STRIP = NO;
				DEBUG_INFORMATION_FORMAT = "dwarf-with-dsym";
				ENABLE_NS_ASSERTIONS = NO;
				ENABLE_STRICT_OBJC_MSGSEND = YES;
				GCC_C_LANGUAGE_STANDARD = gnu11;
				GCC_NO_COMMON_BLOCKS = YES;
				GCC_WARN_64_TO_32_BIT_CONVERSION = YES;
				GCC_WARN_ABOUT_RETURN_TYPE = YES_ERROR;
				GCC_WARN_UNDECLARED_SELECTOR = YES;
				GCC_WARN_UNINITIALIZED_AUTOS = YES_AGGRESSIVE;
				GCC_WARN_UNUSED_FUNCTION = YES;
				GCC_WARN_UNUSED_VARIABLE = YES;
				IPHONEOS_DEPLOYMENT_TARGET = 11.2;
				MTL_ENABLE_DEBUG_INFO = NO;
				SDKROOT = iphoneos;
				SWIFT_OPTIMIZATION_LEVEL = "-Owholemodule";
				VALIDATE_PRODUCT = YES;
			};
			name = Release;
		};
		FA38F5F3211A5AF900C00AFF /* Debug */ = {
			isa = XCBuildConfiguration;
			buildSettings = {
				ASSETCATALOG_COMPILER_APPICON_NAME = AppIcon;
				CODE_SIGN_STYLE = Automatic;
				DEVELOPMENT_TEAM = N9FXT6FZ5X;
				INFOPLIST_FILE = "$(SRCROOT)/SimonSaysDevMountain/Resources/Info.plist";
				LD_RUNPATH_SEARCH_PATHS = "$(inherited) @executable_path/Frameworks";
				PRODUCT_BUNDLE_IDENTIFIER = com.dundak.SimonSaysDevMountain;
				PRODUCT_NAME = "$(TARGET_NAME)";
				SWIFT_VERSION = 4.0;
				TARGETED_DEVICE_FAMILY = "1,2";
			};
			name = Debug;
		};
		FA38F5F4211A5AF900C00AFF /* Release */ = {
			isa = XCBuildConfiguration;
			buildSettings = {
				ASSETCATALOG_COMPILER_APPICON_NAME = AppIcon;
				CODE_SIGN_STYLE = Automatic;
				DEVELOPMENT_TEAM = N9FXT6FZ5X;
				INFOPLIST_FILE = "$(SRCROOT)/SimonSaysDevMountain/Resources/Info.plist";
				LD_RUNPATH_SEARCH_PATHS = "$(inherited) @executable_path/Frameworks";
				PRODUCT_BUNDLE_IDENTIFIER = com.dundak.SimonSaysDevMountain;
				PRODUCT_NAME = "$(TARGET_NAME)";
				SWIFT_VERSION = 4.0;
				TARGETED_DEVICE_FAMILY = "1,2";
			};
			name = Release;
		};
		FA38F5F6211A5AF900C00AFF /* Debug */ = {
			isa = XCBuildConfiguration;
			buildSettings = {
				ALWAYS_EMBED_SWIFT_STANDARD_LIBRARIES = YES;
				BUNDLE_LOADER = "$(TEST_HOST)";
				CODE_SIGN_STYLE = Automatic;
				DEVELOPMENT_TEAM = N9FXT6FZ5X;
				INFOPLIST_FILE = SimonSaysDevMountainTests/Info.plist;
				LD_RUNPATH_SEARCH_PATHS = "$(inherited) @executable_path/Frameworks @loader_path/Frameworks";
				PRODUCT_BUNDLE_IDENTIFIER = com.dundak.SimonSaysDevMountainTests;
				PRODUCT_NAME = "$(TARGET_NAME)";
				SWIFT_VERSION = 4.0;
				TARGETED_DEVICE_FAMILY = "1,2";
				TEST_HOST = "$(BUILT_PRODUCTS_DIR)/SimonSaysDevMountain.app/SimonSaysDevMountain";
			};
			name = Debug;
		};
		FA38F5F7211A5AF900C00AFF /* Release */ = {
			isa = XCBuildConfiguration;
			buildSettings = {
				ALWAYS_EMBED_SWIFT_STANDARD_LIBRARIES = YES;
				BUNDLE_LOADER = "$(TEST_HOST)";
				CODE_SIGN_STYLE = Automatic;
				DEVELOPMENT_TEAM = N9FXT6FZ5X;
				INFOPLIST_FILE = SimonSaysDevMountainTests/Info.plist;
				LD_RUNPATH_SEARCH_PATHS = "$(inherited) @executable_path/Frameworks @loader_path/Frameworks";
				PRODUCT_BUNDLE_IDENTIFIER = com.dundak.SimonSaysDevMountainTests;
				PRODUCT_NAME = "$(TARGET_NAME)";
				SWIFT_VERSION = 4.0;
				TARGETED_DEVICE_FAMILY = "1,2";
				TEST_HOST = "$(BUILT_PRODUCTS_DIR)/SimonSaysDevMountain.app/SimonSaysDevMountain";
			};
			name = Release;
		};
/* End XCBuildConfiguration section */

/* Begin XCConfigurationList section */
		FA38F5D0211A5AF900C00AFF /* Build configuration list for PBXProject "SimonSaysDevMountain" */ = {
			isa = XCConfigurationList;
			buildConfigurations = (
				FA38F5F0211A5AF900C00AFF /* Debug */,
				FA38F5F1211A5AF900C00AFF /* Release */,
			);
			defaultConfigurationIsVisible = 0;
			defaultConfigurationName = Release;
		};
		FA38F5F2211A5AF900C00AFF /* Build configuration list for PBXNativeTarget "SimonSaysDevMountain" */ = {
			isa = XCConfigurationList;
			buildConfigurations = (
				FA38F5F3211A5AF900C00AFF /* Debug */,
				FA38F5F4211A5AF900C00AFF /* Release */,
			);
			defaultConfigurationIsVisible = 0;
			defaultConfigurationName = Release;
		};
		FA38F5F5211A5AF900C00AFF /* Build configuration list for PBXNativeTarget "SimonSaysDevMountainTests" */ = {
			isa = XCConfigurationList;
			buildConfigurations = (
				FA38F5F6211A5AF900C00AFF /* Debug */,
				FA38F5F7211A5AF900C00AFF /* Release */,
			);
			defaultConfigurationIsVisible = 0;
			defaultConfigurationName = Release;
		};
/* End XCConfigurationList section */
	};
	rootObject = FA38F5CD211A5AF900C00AFF /* Project object */;
}
